
Microsoft Visual Studio Solution File, Format Version 12.00
# Visual Studio Version 16
VisualStudioVersion = 16.0.31624.102
MinimumVisualStudioVersion = 10.0.40219.1
Project("{FAE04EC0-301F-11D3-BF4B-00C04F79EFBC}") = "zachet", "zachet\zachet.csproj", "{A09B6C4A-FE8F-4F4C-A928-9FB3B0905A42}"
EndProject
Global
	GlobalSection(SolutionConfigurationPlatforms) = preSolution
		Debug|Any CPU = Debug|Any CPU
		Release|Any CPU = Release|Any CPU
	EndGlobalSection
	GlobalSection(ProjectConfigurationPlatforms) = postSolution
		{A09B6C4A-FE8F-4F4C-A928-9FB3B0905A42}.Debug|Any CPU.ActiveCfg = Debug|Any CPU
		{A09B6C4A-FE8F-4F4C-A928-9FB3B0905A42}.Debug|Any CPU.Build.0 = Debug|Any CPU
		{A09B6C4A-FE8F-4F4C-A928-9FB3B0905A42}.Release|Any CPU.ActiveCfg = Release|Any CPU
		{A09B6C4A-FE8F-4F4C-A928-9FB3B0905A42}.Release|Any CPU.Build.0 = Release|Any CPU
	EndGlobalSection
	GlobalSection(SolutionProperties) = preSolution
		HideSolutionNode = FALSE
	EndGlobalSection
	GlobalSection(ExtensibilityGlobals) = postSolution
		SolutionGuid = {E55EAEDA-49F1-43E6-A157-587451D985C7}
	EndGlobalSection
EndGlobal
